
Microsoft Visual Studio Solution File, Format Version 12.00
# Visual Studio Version 16
VisualStudioVersion = 16.0.31702.278
MinimumVisualStudioVersion = 10.0.40219.1
Project("{FAE04EC0-301F-11D3-BF4B-00C04F79EFBC}") = "SchedulingSoftware", "SchedulingSoftware\SchedulingSoftware.csproj", "{B706C1FC-D3AF-44A6-8209-FCE4FFDFCAC9}"
EndProject
Project("{FAE04EC0-301F-11D3-BF4B-00C04F79EFBC}") = "UnitTests", "UnitTests\UnitTests.csproj", "{4482BF5A-A8B1-4F07-B723-B34E7DD266FF}"
EndProject
Global
	GlobalSection(SolutionConfigurationPlatforms) = preSolution
		Debug|Any CPU = Debug|Any CPU
		Release|Any CPU = Release|Any CPU
	EndGlobalSection
	GlobalSection(ProjectConfigurationPlatforms) = postSolution
		{B706C1FC-D3AF-44A6-8209-FCE4FFDFCAC9}.Debug|Any CPU.ActiveCfg = Debug|Any CPU
		{B706C1FC-D3AF-44A6-8209-FCE4FFDFCAC9}.Debug|Any CPU.Build.0 = Debug|Any CPU
		{B706C1FC-D3AF-44A6-8209-FCE4FFDFCAC9}.Release|Any CPU.ActiveCfg = Release|Any CPU
		{B706C1FC-D3AF-44A6-8209-FCE4FFDFCAC9}.Release|Any CPU.Build.0 = Release|Any CPU
		{4482BF5A-A8B1-4F07-B723-B34E7DD266FF}.Debug|Any CPU.ActiveCfg = Debug|Any CPU
		{4482BF5A-A8B1-4F07-B723-B34E7DD266FF}.Debug|Any CPU.Build.0 = Debug|Any CPU
		{4482BF5A-A8B1-4F07-B723-B34E7DD266FF}.Release|Any CPU.ActiveCfg = Release|Any CPU
		{4482BF5A-A8B1-4F07-B723-B34E7DD266FF}.Release|Any CPU.Build.0 = Release|Any CPU
	EndGlobalSection
	GlobalSection(SolutionProperties) = preSolution
		HideSolutionNode = FALSE
	EndGlobalSection
	GlobalSection(ExtensibilityGlobals) = postSolution
		SolutionGuid = {4FFC81F7-5F56-4A32-8191-F77C0834F1E3}
	EndGlobalSection
EndGlobal
